
Microsoft Visual Studio Solution File, Format Version 12.00
# Visual Studio Version 17
VisualStudioVersion = 17.3.32929.385
MinimumVisualStudioVersion = 10.0.40219.1
Project("{FAE04EC0-301F-11D3-BF4B-00C04F79EFBC}") = "TDDApi", "TDDApi\TDDApi.csproj", "{0CA2A3A1-90D4-4E0C-84A3-890F40E99D6A}"
EndProject
Project("{FAE04EC0-301F-11D3-BF4B-00C04F79EFBC}") = "TDD.UnitTest", "TDD.UnitTest\TDD.UnitTest.csproj", "{418B8A30-4CFB-4665-967F-E311D6EEE14A}"
EndProject
Global
	GlobalSection(SolutionConfigurationPlatforms) = preSolution
		Debug|Any CPU = Debug|Any CPU
		Release|Any CPU = Release|Any CPU
	EndGlobalSection
	GlobalSection(ProjectConfigurationPlatforms) = postSolution
		{0CA2A3A1-90D4-4E0C-84A3-890F40E99D6A}.Debug|Any CPU.ActiveCfg = Debug|Any CPU
		{0CA2A3A1-90D4-4E0C-84A3-890F40E99D6A}.Debug|Any CPU.Build.0 = Debug|Any CPU
		{0CA2A3A1-90D4-4E0C-84A3-890F40E99D6A}.Release|Any CPU.ActiveCfg = Release|Any CPU
		{0CA2A3A1-90D4-4E0C-84A3-890F40E99D6A}.Release|Any CPU.Build.0 = Release|Any CPU
		{418B8A30-4CFB-4665-967F-E311D6EEE14A}.Debug|Any CPU.ActiveCfg = Debug|Any CPU
		{418B8A30-4CFB-4665-967F-E311D6EEE14A}.Debug|Any CPU.Build.0 = Debug|Any CPU
		{418B8A30-4CFB-4665-967F-E311D6EEE14A}.Release|Any CPU.ActiveCfg = Release|Any CPU
		{418B8A30-4CFB-4665-967F-E311D6EEE14A}.Release|Any CPU.Build.0 = Release|Any CPU
	EndGlobalSection
	GlobalSection(SolutionProperties) = preSolution
		HideSolutionNode = FALSE
	EndGlobalSection
	GlobalSection(ExtensibilityGlobals) = postSolution
		SolutionGuid = {58785CDA-FA6F-45BD-9C15-9BD527040E09}
	EndGlobalSection
EndGlobal
